// !$*UTF8*$!
{
	archiveVersion = 1;
	classes = {
	};
	objectVersion = 46;
	objects = {

/* Begin PBXBuildFile section */
		319849BC1FD0447D0031E828 /* AppDelegate.swift in Sources */ = {isa = PBXBuildFile; fileRef = 319849BB1FD0447D0031E828 /* AppDelegate.swift */; };
		319849BE1FD0447D0031E828 /* ViewController.swift in Sources */ = {isa = PBXBuildFile; fileRef = 319849BD1FD0447D0031E828 /* ViewController.swift */; };
		319849C11FD0447D0031E828 /* Main.storyboard in Resources */ = {isa = PBXBuildFile; fileRef = 319849BF1FD0447D0031E828 /* Main.storyboard */; };
		319849C31FD0447D0031E828 /* Assets.xcassets in Resources */ = {isa = PBXBuildFile; fileRef = 319849C21FD0447D0031E828 /* Assets.xcassets */; };
		319849C61FD0447D0031E828 /* LaunchScreen.storyboard in Resources */ = {isa = PBXBuildFile; fileRef = 319849C41FD0447D0031E828 /* LaunchScreen.storyboard */; };
		319849D11FD0447E0031E828 /* string_calculator_swiftTests.swift in Sources */ = {isa = PBXBuildFile; fileRef = 319849D01FD0447E0031E828 /* string_calculator_swiftTests.swift */; };
		319849DC1FD04C4F0031E828 /* StringCalculator.swift in Sources */ = {isa = PBXBuildFile; fileRef = 319849DB1FD04C4F0031E828 /* StringCalculator.swift */; };
		7ADDC3FFCCCD05C6DD03A45E /* Pods_string_calculator_swift.framework in Frameworks */ = {isa = PBXBuildFile; fileRef = 082F85E8A820E27F2C3BD21B /* Pods_string_calculator_swift.framework */; };
		CB5A03AADC32E9B6C934DF9D /* Pods_string_calculator_swiftTests.framework in Frameworks */ = {isa = PBXBuildFile; fileRef = A82E64A61964C1783963115A /* Pods_string_calculator_swiftTests.framework */; };
/* End PBXBuildFile section */

/* Begin PBXContainerItemProxy section */
		319849CD1FD0447E0031E828 /* PBXContainerItemProxy */ = {
			isa = PBXContainerItemProxy;
			containerPortal = 319849B01FD0447D0031E828 /* Project object */;
			proxyType = 1;
			remoteGlobalIDString = 319849B71FD0447D0031E828;
			remoteInfo = "string-calculator-swift";
		};
/* End PBXContainerItemProxy section */

/* Begin PBXFileReference section */
		082F85E8A820E27F2C3BD21B /* Pods_string_calculator_swift.framework */ = {isa = PBXFileReference; explicitFileType = wrapper.framework; includeInIndex = 0; path = Pods_string_calculator_swift.framework; sourceTree = BUILT_PRODUCTS_DIR; };
		319849B81FD0447D0031E828 /* string-calculator-swift.app */ = {isa = PBXFileReference; explicitFileType = wrapper.application; includeInIndex = 0; path = "string-calculator-swift.app"; sourceTree = BUILT_PRODUCTS_DIR; };
		319849BB1FD0447D0031E828 /* AppDelegate.swift */ = {isa = PBXFileReference; lastKnownFileType = sourcecode.swift; path = AppDelegate.swift; sourceTree = "<group>"; };
		319849BD1FD0447D0031E828 /* ViewController.swift */ = {isa = PBXFileReference; lastKnownFileType = sourcecode.swift; path = ViewController.swift; sourceTree = "<group>"; };
		319849C01FD0447D0031E828 /* Base */ = {isa = PBXFileReference; lastKnownFileType = file.storyboard; name = Base; path = Base.lproj/Main.storyboard; sourceTree = "<group>"; };
		319849C21FD0447D0031E828 /* Assets.xcassets */ = {isa = PBXFileReference; lastKnownFileType = folder.assetcatalog; path = Assets.xcassets; sourceTree = "<group>"; };
		319849C51FD0447D0031E828 /* Base */ = {isa = PBXFileReference; lastKnownFileType = file.storyboard; name = Base; path = Base.lproj/LaunchScreen.storyboard; sourceTree = "<group>"; };
		319849C71FD0447D0031E828 /* Info.plist */ = {isa = PBXFileReference; lastKnownFileType = text.plist.xml; path = Info.plist; sourceTree = "<group>"; };
		319849CC1FD0447E0031E828 /* string-calculator-swiftTests.xctest */ = {isa = PBXFileReference; explicitFileType = wrapper.cfbundle; includeInIndex = 0; path = "string-calculator-swiftTests.xctest"; sourceTree = BUILT_PRODUCTS_DIR; };
		319849D01FD0447E0031E828 /* string_calculator_swiftTests.swift */ = {isa = PBXFileReference; lastKnownFileType = sourcecode.swift; path = string_calculator_swiftTests.swift; sourceTree = "<group>"; };
		319849D21FD0447E0031E828 /* Info.plist */ = {isa = PBXFileReference; lastKnownFileType = text.plist.xml; path = Info.plist; sourceTree = "<group>"; };
		319849DB1FD04C4F0031E828 /* StringCalculator.swift */ = {isa = PBXFileReference; fileEncoding = 4; lastKnownFileType = sourcecode.swift; path = StringCalculator.swift; sourceTree = "<group>"; };
		3F733FFF842D27325EDD16E3 /* Pods-string-calculator-swift.debug.xcconfig */ = {isa = PBXFileReference; includeInIndex = 1; lastKnownFileType = text.xcconfig; name = "Pods-string-calculator-swift.debug.xcconfig"; path = "Pods/Target Support Files/Pods-string-calculator-swift/Pods-string-calculator-swift.debug.xcconfig"; sourceTree = "<group>"; };
		A82E64A61964C1783963115A /* Pods_string_calculator_swiftTests.framework */ = {isa = PBXFileReference; explicitFileType = wrapper.framework; includeInIndex = 0; path = Pods_string_calculator_swiftTests.framework; sourceTree = BUILT_PRODUCTS_DIR; };
		BECD1DD0487EC143E2A6FF8D /* Pods-string-calculator-swiftTests.debug.xcconfig */ = {isa = PBXFileReference; includeInIndex = 1; lastKnownFileType = text.xcconfig; name = "Pods-string-calculator-swiftTests.debug.xcconfig"; path = "Pods/Target Support Files/Pods-string-calculator-swiftTests/Pods-string-calculator-swiftTests.debug.xcconfig"; sourceTree = "<group>"; };
		C486D4C949532CA39E21C403 /* Pods-string-calculator-swift.release.xcconfig */ = {isa = PBXFileReference; includeInIndex = 1; lastKnownFileType = text.xcconfig; name = "Pods-string-calculator-swift.release.xcconfig"; path = "Pods/Target Support Files/Pods-string-calculator-swift/Pods-string-calculator-swift.release.xcconfig"; sourceTree = "<group>"; };
		D303ED1C9B443F4890B86B80 /* Pods-string-calculator-swiftTests.release.xcconfig */ = {isa = PBXFileReference; includeInIndex = 1; lastKnownFileType = text.xcconfig; name = "Pods-string-calculator-swiftTests.release.xcconfig"; path = "Pods/Target Support Files/Pods-string-calculator-swiftTests/Pods-string-calculator-swiftTests.release.xcconfig"; sourceTree = "<group>"; };
/* End PBXFileReference section */

/* Begin PBXFrameworksBuildPhase section */
		319849B51FD0447D0031E828 /* Frameworks */ = {
			isa = PBXFrameworksBuildPhase;
			buildActionMask = 2147483647;
			files = (
				7ADDC3FFCCCD05C6DD03A45E /* Pods_string_calculator_swift.framework in Frameworks */,
			);
			runOnlyForDeploymentPostprocessing = 0;
		};
		319849C91FD0447E0031E828 /* Frameworks */ = {
			isa = PBXFrameworksBuildPhase;
			buildActionMask = 2147483647;
			files = (
				CB5A03AADC32E9B6C934DF9D /* Pods_string_calculator_swiftTests.framework in Frameworks */,
			);
			runOnlyForDeploymentPostprocessing = 0;
		};
/* End PBXFrameworksBuildPhase section */

/* Begin PBXGroup section */
		1BE6E1A7F0E10865F8BD6A42 /* Pods */ = {
			isa = PBXGroup;
			children = (
				3F733FFF842D27325EDD16E3 /* Pods-string-calculator-swift.debug.xcconfig */,
				C486D4C949532CA39E21C403 /* Pods-string-calculator-swift.release.xcconfig */,
				BECD1DD0487EC143E2A6FF8D /* Pods-string-calculator-swiftTests.debug.xcconfig */,
				D303ED1C9B443F4890B86B80 /* Pods-string-calculator-swiftTests.release.xcconfig */,
			);
			name = Pods;
			sourceTree = "<group>";
		};
		25818A6B48604D26F5C62DDE /* Frameworks */ = {
			isa = PBXGroup;
			children = (
				082F85E8A820E27F2C3BD21B /* Pods_string_calculator_swift.framework */,
				A82E64A61964C1783963115A /* Pods_string_calculator_swiftTests.framework */,
			);
			name = Frameworks;
			sourceTree = "<group>";
		};
		319849AF1FD0447D0031E828 = {
			isa = PBXGroup;
			children = (
				319849BA1FD0447D0031E828 /* string-calculator-swift */,
				319849CF1FD0447E0031E828 /* string-calculator-swiftTests */,
				319849B91FD0447D0031E828 /* Products */,
				1BE6E1A7F0E10865F8BD6A42 /* Pods */,
				25818A6B48604D26F5C62DDE /* Frameworks */,
			);
			sourceTree = "<group>";
		};
		319849B91FD0447D0031E828 /* Products */ = {
			isa = PBXGroup;
			children = (
				319849B81FD0447D0031E828 /* string-calculator-swift.app */,
				319849CC1FD0447E0031E828 /* string-calculator-swiftTests.xctest */,
			);
			name = Products;
			sourceTree = "<group>";
		};
		319849BA1FD0447D0031E828 /* string-calculator-swift */ = {
			isa = PBXGroup;
			children = (
				319849BB1FD0447D0031E828 /* AppDelegate.swift */,
				319849BD1FD0447D0031E828 /* ViewController.swift */,
				319849BF1FD0447D0031E828 /* Main.storyboard */,
				319849C21FD0447D0031E828 /* Assets.xcassets */,
				319849C41FD0447D0031E828 /* LaunchScreen.storyboard */,
				319849C71FD0447D0031E828 /* Info.plist */,
				319849DB1FD04C4F0031E828 /* StringCalculator.swift */,
			);
			path = "string-calculator-swift";
			sourceTree = "<group>";
		};
		319849CF1FD0447E0031E828 /* string-calculator-swiftTests */ = {
			isa = PBXGroup;
			children = (
				319849D01FD0447E0031E828 /* string_calculator_swiftTests.swift */,
				319849D21FD0447E0031E828 /* Info.plist */,
			);
			path = "string-calculator-swiftTests";
			sourceTree = "<group>";
		};
/* End PBXGroup section */

/* Begin PBXNativeTarget section */
		319849B71FD0447D0031E828 /* string-calculator-swift */ = {
			isa = PBXNativeTarget;
			buildConfigurationList = 319849D51FD0447E0031E828 /* Build configuration list for PBXNativeTarget "string-calculator-swift" */;
			buildPhases = (
				76544D435D49B1031825B46B /* [CP] Check Pods Manifest.lock */,
				319849B41FD0447D0031E828 /* Sources */,
				319849B51FD0447D0031E828 /* Frameworks */,
				319849B61FD0447D0031E828 /* Resources */,
				6F52691447602E3727CB2B65 /* [CP] Embed Pods Frameworks */,
				8B1078A5541BD3277FB1F83E /* [CP] Copy Pods Resources */,
			);
			buildRules = (
			);
			dependencies = (
			);
			name = "string-calculator-swift";
			productName = "string-calculator-swift";
			productReference = 319849B81FD0447D0031E828 /* string-calculator-swift.app */;
			productType = "com.apple.product-type.application";
		};
		319849CB1FD0447E0031E828 /* string-calculator-swiftTests */ = {
			isa = PBXNativeTarget;
			buildConfigurationList = 319849D81FD0447E0031E828 /* Build configuration list for PBXNativeTarget "string-calculator-swiftTests" */;
			buildPhases = (
				1BBE77B4FC15396E4F90E788 /* [CP] Check Pods Manifest.lock */,
				319849C81FD0447E0031E828 /* Sources */,
				319849C91FD0447E0031E828 /* Frameworks */,
				319849CA1FD0447E0031E828 /* Resources */,
				70FB7149734BF82B176F8670 /* [CP] Embed Pods Frameworks */,
				728195873857D71E8F7D07FF /* [CP] Copy Pods Resources */,
			);
			buildRules = (
			);
			dependencies = (
				319849CE1FD0447E0031E828 /* PBXTargetDependency */,
			);
			name = "string-calculator-swiftTests";
			productName = "string-calculator-swiftTests";
			productReference = 319849CC1FD0447E0031E828 /* string-calculator-swiftTests.xctest */;
			productType = "com.apple.product-type.bundle.unit-test";
		};
/* End PBXNativeTarget section */

/* Begin PBXProject section */
		319849B01FD0447D0031E828 /* Project object */ = {
			isa = PBXProject;
			attributes = {
				LastSwiftUpdateCheck = 0830;
				LastUpgradeCheck = 0830;
				ORGANIZATIONNAME = "Michael Richards";
				TargetAttributes = {
					319849B71FD0447D0031E828 = {
						CreatedOnToolsVersion = 8.3.3;
						ProvisioningStyle = Automatic;
					};
					319849CB1FD0447E0031E828 = {
						CreatedOnToolsVersion = 8.3.3;
						ProvisioningStyle = Automatic;
						TestTargetID = 319849B71FD0447D0031E828;
					};
				};
			};
			buildConfigurationList = 319849B31FD0447D0031E828 /* Build configuration list for PBXProject "string-calculator-swift" */;
			compatibilityVersion = "Xcode 3.2";
			developmentRegion = English;
			hasScannedForEncodings = 0;
			knownRegions = (
				en,
				Base,
			);
			mainGroup = 319849AF1FD0447D0031E828;
			productRefGroup = 319849B91FD0447D0031E828 /* Products */;
			projectDirPath = "";
			projectRoot = "";
			targets = (
				319849B71FD0447D0031E828 /* string-calculator-swift */,
				319849CB1FD0447E0031E828 /* string-calculator-swiftTests */,
			);
		};
/* End PBXProject section */

/* Begin PBXResourcesBuildPhase section */
		319849B61FD0447D0031E828 /* Resources */ = {
			isa = PBXResourcesBuildPhase;
			buildActionMask = 2147483647;
			files = (
				319849C61FD0447D0031E828 /* LaunchScreen.storyboard in Resources */,
				319849C31FD0447D0031E828 /* Assets.xcassets in Resources */,
				319849C11FD0447D0031E828 /* Main.storyboard in Resources */,
			);
			runOnlyForDeploymentPostprocessing = 0;
		};
		319849CA1FD0447E0031E828 /* Resources */ = {
			isa = PBXResourcesBuildPhase;
			buildActionMask = 2147483647;
			files = (
			);
			runOnlyForDeploymentPostprocessing = 0;
		};
/* End PBXResourcesBuildPhase section */

/* Begin PBXShellScriptBuildPhase section */
		1BBE77B4FC15396E4F90E788 /* [CP] Check Pods Manifest.lock */ = {
			isa = PBXShellScriptBuildPhase;
			buildActionMask = 2147483647;
			files = (
			);
			inputPaths = (
				"${PODS_PODFILE_DIR_PATH}/Podfile.lock",
				"${PODS_ROOT}/Manifest.lock",
			);
			name = "[CP] Check Pods Manifest.lock";
			outputPaths = (
				"$(DERIVED_FILE_DIR)/Pods-string-calculator-swiftTests-checkManifestLockResult.txt",
			);
			runOnlyForDeploymentPostprocessing = 0;
			shellPath = /bin/sh;
			shellScript = "diff \"${PODS_PODFILE_DIR_PATH}/Podfile.lock\" \"${PODS_ROOT}/Manifest.lock\" > /dev/null\nif [ $? != 0 ] ; then\n    # print error to STDERR\n    echo \"error: The sandbox is not in sync with the Podfile.lock. Run 'pod install' or update your CocoaPods installation.\" >&2\n    exit 1\nfi\n# This output is used by Xcode 'outputs' to avoid re-running this script phase.\necho \"SUCCESS\" > \"${SCRIPT_OUTPUT_FILE_0}\"\n";
			showEnvVarsInLog = 0;
		};
		6F52691447602E3727CB2B65 /* [CP] Embed Pods Frameworks */ = {
			isa = PBXShellScriptBuildPhase;
			buildActionMask = 2147483647;
			files = (
			);
			inputPaths = (
			);
			name = "[CP] Embed Pods Frameworks";
			outputPaths = (
			);
			runOnlyForDeploymentPostprocessing = 0;
			shellPath = /bin/sh;
			shellScript = "\"${SRCROOT}/Pods/Target Support Files/Pods-string-calculator-swift/Pods-string-calculator-swift-frameworks.sh\"\n";
			showEnvVarsInLog = 0;
		};
		70FB7149734BF82B176F8670 /* [CP] Embed Pods Frameworks */ = {
			isa = PBXShellScriptBuildPhase;
			buildActionMask = 2147483647;
			files = (
			);
			inputPaths = (
				"${SRCROOT}/Pods/Target Support Files/Pods-string-calculator-swiftTests/Pods-string-calculator-swiftTests-frameworks.sh",
				"${BUILT_PRODUCTS_DIR}/Nimble/Nimble.framework",
				"${BUILT_PRODUCTS_DIR}/Quick/Quick.framework",
			);
			name = "[CP] Embed Pods Frameworks";
			outputPaths = (
				"${TARGET_BUILD_DIR}/${FRAMEWORKS_FOLDER_PATH}/Nimble.framework",
				"${TARGET_BUILD_DIR}/${FRAMEWORKS_FOLDER_PATH}/Quick.framework",
			);
			runOnlyForDeploymentPostprocessing = 0;
			shellPath = /bin/sh;
			shellScript = "\"${SRCROOT}/Pods/Target Support Files/Pods-string-calculator-swiftTests/Pods-string-calculator-swiftTests-frameworks.sh\"\n";
			showEnvVarsInLog = 0;
		};
		728195873857D71E8F7D07FF /* [CP] Copy Pods Resources */ = {
			isa = PBXShellScriptBuildPhase;
			buildActionMask = 2147483647;
			files = (
			);
			inputPaths = (
			);
			name = "[CP] Copy Pods Resources";
			outputPaths = (
			);
			runOnlyForDeploymentPostprocessing = 0;
			shellPath = /bin/sh;
			shellScript = "\"${SRCROOT}/Pods/Target Support Files/Pods-string-calculator-swiftTests/Pods-string-calculator-swiftTests-resources.sh\"\n";
			showEnvVarsInLog = 0;
		};
		76544D435D49B1031825B46B /* [CP] Check Pods Manifest.lock */ = {
			isa = PBXShellScriptBuildPhase;
			buildActionMask = 2147483647;
			files = (
			);
			inputPaths = (
				"${PODS_PODFILE_DIR_PATH}/Podfile.lock",
				"${PODS_ROOT}/Manifest.lock",
			);
			name = "[CP] Check Pods Manifest.lock";
			outputPaths = (
				"$(DERIVED_FILE_DIR)/Pods-string-calculator-swift-checkManifestLockResult.txt",
			);
			runOnlyForDeploymentPostprocessing = 0;
			shellPath = /bin/sh;
			shellScript = "diff \"${PODS_PODFILE_DIR_PATH}/Podfile.lock\" \"${PODS_ROOT}/Manifest.lock\" > /dev/null\nif [ $? != 0 ] ; then\n    # print error to STDERR\n    echo \"error: The sandbox is not in sync with the Podfile.lock. Run 'pod install' or update your CocoaPods installation.\" >&2\n    exit 1\nfi\n# This output is used by Xcode 'outputs' to avoid re-running this script phase.\necho \"SUCCESS\" > \"${SCRIPT_OUTPUT_FILE_0}\"\n";
			showEnvVarsInLog = 0;
		};
		8B1078A5541BD3277FB1F83E /* [CP] Copy Pods Resources */ = {
			isa = PBXShellScriptBuildPhase;
			buildActionMask = 2147483647;
			files = (
			);
			inputPaths = (
			);
			name = "[CP] Copy Pods Resources";
			outputPaths = (
			);
			runOnlyForDeploymentPostprocessing = 0;
			shellPath = /bin/sh;
			shellScript = "\"${SRCROOT}/Pods/Target Support Files/Pods-string-calculator-swift/Pods-string-calculator-swift-resources.sh\"\n";
			showEnvVarsInLog = 0;
		};
/* End PBXShellScriptBuildPhase section */

/* Begin PBXSourcesBuildPhase section */
		319849B41FD0447D0031E828 /* Sources */ = {
			isa = PBXSourcesBuildPhase;
			buildActionMask = 2147483647;
			files = (
				319849DC1FD04C4F0031E828 /* StringCalculator.swift in Sources */,
				319849BE1FD0447D0031E828 /* ViewController.swift in Sources */,
				319849BC1FD0447D0031E828 /* AppDelegate.swift in Sources */,
			);
			runOnlyForDeploymentPostprocessing = 0;
		};
		319849C81FD0447E0031E828 /* Sources */ = {
			isa = PBXSourcesBuildPhase;
			buildActionMask = 2147483647;
			files = (
				319849D11FD0447E0031E828 /* string_calculator_swiftTests.swift in Sources */,
			);
			runOnlyForDeploymentPostprocessing = 0;
		};
/* End PBXSourcesBuildPhase section */

/* Begin PBXTargetDependency section */
		319849CE1FD0447E0031E828 /* PBXTargetDependency */ = {
			isa = PBXTargetDependency;
			target = 319849B71FD0447D0031E828 /* string-calculator-swift */;
			targetProxy = 319849CD1FD0447E0031E828 /* PBXContainerItemProxy */;
		};
/* End PBXTargetDependency section */

/* Begin PBXVariantGroup section */
		319849BF1FD0447D0031E828 /* Main.storyboard */ = {
			isa = PBXVariantGroup;
			children = (
				319849C01FD0447D0031E828 /* Base */,
			);
			name = Main.storyboard;
			sourceTree = "<group>";
		};
		319849C41FD0447D0031E828 /* LaunchScreen.storyboard */ = {
			isa = PBXVariantGroup;
			children = (
				319849C51FD0447D0031E828 /* Base */,
			);
			name = LaunchScreen.storyboard;
			sourceTree = "<group>";
		};
/* End PBXVariantGroup section */

/* Begin XCBuildConfiguration section */
		319849D31FD0447E0031E828 /* Debug */ = {
			isa = XCBuildConfiguration;
			buildSettings = {
				ALWAYS_SEARCH_USER_PATHS = NO;
				CLANG_ANALYZER_NONNULL = YES;
				CLANG_ANALYZER_NUMBER_OBJECT_CONVERSION = YES_AGGRESSIVE;
				CLANG_CXX_LANGUAGE_STANDARD = "gnu++0x";
				CLANG_CXX_LIBRARY = "libc++";
				CLANG_ENABLE_MODULES = YES;
				CLANG_ENABLE_OBJC_ARC = YES;
				CLANG_WARN_BOOL_CONVERSION = YES;
				CLANG_WARN_CONSTANT_CONVERSION = YES;
				CLANG_WARN_DIRECT_OBJC_ISA_USAGE = YES_ERROR;
				CLANG_WARN_DOCUMENTATION_COMMENTS = YES;
				CLANG_WARN_EMPTY_BODY = YES;
				CLANG_WARN_ENUM_CONVERSION = YES;
				CLANG_WARN_INFINITE_RECURSION = YES;
				CLANG_WARN_INT_CONVERSION = YES;
				CLANG_WARN_OBJC_ROOT_CLASS = YES_ERROR;
				CLANG_WARN_SUSPICIOUS_MOVE = YES;
				CLANG_WARN_UNREACHABLE_CODE = YES;
				CLANG_WARN__DUPLICATE_METHOD_MATCH = YES;
				"CODE_SIGN_IDENTITY[sdk=iphoneos*]" = "iPhone Developer";
				COPY_PHASE_STRIP = NO;
				DEBUG_INFORMATION_FORMAT = dwarf;
				ENABLE_STRICT_OBJC_MSGSEND = YES;
				ENABLE_TESTABILITY = YES;
				GCC_C_LANGUAGE_STANDARD = gnu99;
				GCC_DYNAMIC_NO_PIC = NO;
				GCC_NO_COMMON_BLOCKS = YES;
				GCC_OPTIMIZATION_LEVEL = 0;
				GCC_PREPROCESSOR_DEFINITIONS = (
					"DEBUG=1",
					"$(inherited)",
				);
				GCC_WARN_64_TO_32_BIT_CONVERSION = YES;
				GCC_WARN_ABOUT_RETURN_TYPE = YES_ERROR;
				GCC_WARN_UNDECLARED_SELECTOR = YES;
				GCC_WARN_UNINITIALIZED_AUTOS = YES_AGGRESSIVE;
				GCC_WARN_UNUSED_FUNCTION = YES;
				GCC_WARN_UNUSED_VARIABLE = YES;
				IPHONEOS_DEPLOYMENT_TARGET = 10.3;
				MTL_ENABLE_DEBUG_INFO = YES;
				ONLY_ACTIVE_ARCH = YES;
				SDKROOT = iphoneos;
				SWIFT_ACTIVE_COMPILATION_CONDITIONS = DEBUG;
				SWIFT_OPTIMIZATION_LEVEL = "-Onone";
				TARGETED_DEVICE_FAMILY = "1,2";
			};
			name = Debug;
		};
		319849D41FD0447E0031E828 /* Release */ = {
			isa = XCBuildConfiguration;
			buildSettings = {
				ALWAYS_SEARCH_USER_PATHS = NO;
				CLANG_ANALYZER_NONNULL = YES;
				CLANG_ANALYZER_NUMBER_OBJECT_CONVERSION = YES_AGGRESSIVE;
				CLANG_CXX_LANGUAGE_STANDARD = "gnu++0x";
				CLANG_CXX_LIBRARY = "libc++";
				CLANG_ENABLE_MODULES = YES;
				CLANG_ENABLE_OBJC_ARC = YES;
				CLANG_WARN_BOOL_CONVERSION = YES;
				CLANG_WARN_CONSTANT_CONVERSION = YES;
				CLANG_WARN_DIRECT_OBJC_ISA_USAGE = YES_ERROR;
				CLANG_WARN_DOCUMENTATION_COMMENTS = YES;
				CLANG_WARN_EMPTY_BODY = YES;
				CLANG_WARN_ENUM_CONVERSION = YES;
				CLANG_WARN_INFINITE_RECURSION = YES;
				CLANG_WARN_INT_CONVERSION = YES;
				CLANG_WARN_OBJC_ROOT_CLASS = YES_ERROR;
				CLANG_WARN_SUSPICIOUS_MOVE = YES;
				CLANG_WARN_UNREACHABLE_CODE = YES;
				CLANG_WARN__DUPLICATE_METHOD_MATCH = YES;
				"CODE_SIGN_IDENTITY[sdk=iphoneos*]" = "iPhone Developer";
				COPY_PHASE_STRIP = NO;
				DEBUG_INFORMATION_FORMAT = "dwarf-with-dsym";
				ENABLE_NS_ASSERTIONS = NO;
				ENABLE_STRICT_OBJC_MSGSEND = YES;
				GCC_C_LANGUAGE_STANDARD = gnu99;
				GCC_NO_COMMON_BLOCKS = YES;
				GCC_WARN_64_TO_32_BIT_CONVERSION = YES;
				GCC_WARN_ABOUT_RETURN_TYPE = YES_ERROR;
				GCC_WARN_UNDECLARED_SELECTOR = YES;
				GCC_WARN_UNINITIALIZED_AUTOS = YES_AGGRESSIVE;
				GCC_WARN_UNUSED_FUNCTION = YES;
				GCC_WARN_UNUSED_VARIABLE = YES;
				IPHONEOS_DEPLOYMENT_TARGET = 10.3;
				MTL_ENABLE_DEBUG_INFO = NO;
				SDKROOT = iphoneos;
				SWIFT_OPTIMIZATION_LEVEL = "-Owholemodule";
				TARGETED_DEVICE_FAMILY = "1,2";
				VALIDATE_PRODUCT = YES;
			};
			name = Release;
		};
		319849D61FD0447E0031E828 /* Debug */ = {
			isa = XCBuildConfiguration;
			baseConfigurationReference = 3F733FFF842D27325EDD16E3 /* Pods-string-calculator-swift.debug.xcconfig */;
			buildSettings = {
				ASSETCATALOG_COMPILER_APPICON_NAME = AppIcon;
				INFOPLIST_FILE = "string-calculator-swift/Info.plist";
				LD_RUNPATH_SEARCH_PATHS = "$(inherited) @executable_path/Frameworks";
				PRODUCT_BUNDLE_IDENTIFIER = "com.aptera.mikerichards.string-calculator-swift";
				PRODUCT_NAME = "$(TARGET_NAME)";
				SWIFT_VERSION = 3.0;
			};
			name = Debug;
		};
		319849D71FD0447E0031E828 /* Release */ = {
			isa = XCBuildConfiguration;
			baseConfigurationReference = C486D4C949532CA39E21C403 /* Pods-string-calculator-swift.release.xcconfig */;
			buildSettings = {
				ASSETCATALOG_COMPILER_APPICON_NAME = AppIcon;
				INFOPLIST_FILE = "string-calculator-swift/Info.plist";
				LD_RUNPATH_SEARCH_PATHS = "$(inherited) @executable_path/Frameworks";
				PRODUCT_BUNDLE_IDENTIFIER = "com.aptera.mikerichards.string-calculator-swift";
				PRODUCT_NAME = "$(TARGET_NAME)";
				SWIFT_VERSION = 3.0;
			};
			name = Release;
		};
		319849D91FD0447E0031E828 /* Debug */ = {
			isa = XCBuildConfiguration;
			baseConfigurationReference = BECD1DD0487EC143E2A6FF8D /* Pods-string-calculator-swiftTests.debug.xcconfig */;
			buildSettings = {
				ALWAYS_EMBED_SWIFT_STANDARD_LIBRARIES = YES;
				BUNDLE_LOADER = "$(TEST_HOST)";
				INFOPLIST_FILE = "string-calculator-swiftTests/Info.plist";
				LD_RUNPATH_SEARCH_PATHS = "$(inherited) @executable_path/Frameworks @loader_path/Frameworks";
				PRODUCT_BUNDLE_IDENTIFIER = "com.aptera.mikerichards.string-calculator-swiftTests";
				PRODUCT_NAME = "$(TARGET_NAME)";
				SWIFT_VERSION = 3.0;
				TEST_HOST = "$(BUILT_PRODUCTS_DIR)/string-calculator-swift.app/string-calculator-swift";
			};
			name = Debug;
		};
		319849DA1FD0447E0031E828 /* Release */ = {
			isa = XCBuildConfiguration;
			baseConfigurationReference = D303ED1C9B443F4890B86B80 /* Pods-string-calculator-swiftTests.release.xcconfig */;
			buildSettings = {
				ALWAYS_EMBED_SWIFT_STANDARD_LIBRARIES = YES;
				BUNDLE_LOADER = "$(TEST_HOST)";
				INFOPLIST_FILE = "string-calculator-swiftTests/Info.plist";
				LD_RUNPATH_SEARCH_PATHS = "$(inherited) @executable_path/Frameworks @loader_path/Frameworks";
				PRODUCT_BUNDLE_IDENTIFIER = "com.aptera.mikerichards.string-calculator-swiftTests";
				PRODUCT_NAME = "$(TARGET_NAME)";
				SWIFT_VERSION = 3.0;
				TEST_HOST = "$(BUILT_PRODUCTS_DIR)/string-calculator-swift.app/string-calculator-swift";
			};
			name = Release;
		};
/* End XCBuildConfiguration section */

/* Begin XCConfigurationList section */
		319849B31FD0447D0031E828 /* Build configuration list for PBXProject "string-calculator-swift" */ = {
			isa = XCConfigurationList;
			buildConfigurations = (
				319849D31FD0447E0031E828 /* Debug */,
				319849D41FD0447E0031E828 /* Release */,
			);
			defaultConfigurationIsVisible = 0;
			defaultConfigurationName = Release;
		};
		319849D51FD0447E0031E828 /* Build configuration list for PBXNativeTarget "string-calculator-swift" */ = {
			isa = XCConfigurationList;
			buildConfigurations = (
				319849D61FD0447E0031E828 /* Debug */,
				319849D71FD0447E0031E828 /* Release */,
			);
			defaultConfigurationIsVisible = 0;
			defaultConfigurationName = Release;
		};
		319849D81FD0447E0031E828 /* Build configuration list for PBXNativeTarget "string-calculator-swiftTests" */ = {
			isa = XCConfigurationList;
			buildConfigurations = (
				319849D91FD0447E0031E828 /* Debug */,
				319849DA1FD0447E0031E828 /* Release */,
			);
			defaultConfigurationIsVisible = 0;
			defaultConfigurationName = Release;
		};
/* End XCConfigurationList section */
	};
	rootObject = 319849B01FD0447D0031E828 /* Project object */;
}
